{
    "_readme": [
        "This file locks the dependencies of your project to a known state",
        "Read more about it at https://getcomposer.org/doc/01-basic-usage.md#installing-dependencies",
        "This file is @generated automatically"
    ],
    "content-hash": "7d939c4630ca01f7d8dd4014651d3459",
    "packages": [
        {
            "name": "theiconic/name-parser",
            "version": "v1.2.11",
            "source": {
                "type": "git",
                "url": "https://github.com/theiconic/name-parser.git",
                "reference": "9a54a713bf5b2e7fd990828147d42de16bf8a253"
            },
            "dist": {
                "type": "zip",
                "url": "https://api.github.com/repos/theiconic/name-parser/zipball/9a54a713bf5b2e7fd990828147d42de16bf8a253",
                "reference": "9a54a713bf5b2e7fd990828147d42de16bf8a253",
                "shasum": ""
            },
            "require": {
                "php": ">=7.1"
            },
            "require-dev": {
                "php-coveralls/php-coveralls": "^2.1",
                "php-mock/php-mock-phpunit": "^2.1",
                "phpunit/phpunit": "^7.0"
            },
            "type": "library",
            "autoload": {
                "psr-4": {
                    "TheIconic\\NameParser\\": [
                        "src/",
                        "tests/"
                    ]
                }
            },
            "notification-url": "https://packagist.org/downloads/",
            "license": [
                "MIT"
            ],
            "authors": [
                {
                    "name": "The Iconic",
                    "email": "engineering@theiconic.com.au"
                }
            ],
            "description": "PHP library for parsing a string containing a full name into its parts",
            "support": {
                "issues": "https://github.com/theiconic/name-parser/issues",
                "source": "https://github.com/theiconic/name-parser/tree/v1.2.11"
            },
            "time": "2019-11-14T14:08:48+00:00"
        }
    ],
    "packages-dev": [],
    "aliases": [],
    "minimum-stability": "stable",
    "stability-flags": [],
    "prefer-stable": false,
    "prefer-lowest": false,
    "platform": [],
    "platform-dev": [],
    "plugin-api-version": "2.0.0"
}
